{
  "name": "stream-face",
  "version": "1.0.0",
  "lockfileVersion": 2,
  "requires": true,
  "packages": {
    "": {
      "name": "stream-face",
      "version": "1.0.0",
      "license": "ISC",
      "dependencies": {
        "twitch-m3u8": "https://github.com/matthewcoming/twitch-m3u8.git"
      }
    },
    "node_modules/twitch-m3u8": {
      "version": "1.0.5",
      "resolved": "git+ssh://git@github.com/matthewcoming/twitch-m3u8.git#724e94f3b9740619a378b95c1961e4ff3b986943",
      "license": "MIT"
    }
  },
  "dependencies": {
    "twitch-m3u8": {
      "version": "git+ssh://git@github.com/matthewcoming/twitch-m3u8.git#724e94f3b9740619a378b95c1961e4ff3b986943",
      "from": "twitch-m3u8@https://github.com/matthewcoming/twitch-m3u8.git"
    }
  }
}
